
Microsoft Visual Studio Solution File, Format Version 12.00
# Visual Studio Version 17
VisualStudioVersion = 17.3.32929.385
MinimumVisualStudioVersion = 10.0.40219.1
Project("{FAE04EC0-301F-11D3-BF4B-00C04F79EFBC}") = "TDD02", "TDD02\TDD02.csproj", "{A6FBBF91-5912-4D20-A2B2-638ACB7B74C4}"
EndProject
Project("{FAE04EC0-301F-11D3-BF4B-00C04F79EFBC}") = "TDD02Tests", "TDD02Tests\TDD02Tests.csproj", "{CEB6AA2B-07BA-4744-A898-8F9FE113D702}"
EndProject
Project("{FAE04EC0-301F-11D3-BF4B-00C04F79EFBC}") = "TDD02TestsMsTest", "TDD02TestsMsTest\TDD02TestsMsTest.csproj", "{22ADF2EE-1DED-4D5A-91E5-EC5AF37484F9}"
EndProject
Global
	GlobalSection(SolutionConfigurationPlatforms) = preSolution
		Debug|Any CPU = Debug|Any CPU
		Release|Any CPU = Release|Any CPU
	EndGlobalSection
	GlobalSection(ProjectConfigurationPlatforms) = postSolution
		{A6FBBF91-5912-4D20-A2B2-638ACB7B74C4}.Debug|Any CPU.ActiveCfg = Debug|Any CPU
		{A6FBBF91-5912-4D20-A2B2-638ACB7B74C4}.Debug|Any CPU.Build.0 = Debug|Any CPU
		{A6FBBF91-5912-4D20-A2B2-638ACB7B74C4}.Release|Any CPU.ActiveCfg = Release|Any CPU
		{A6FBBF91-5912-4D20-A2B2-638ACB7B74C4}.Release|Any CPU.Build.0 = Release|Any CPU
		{CEB6AA2B-07BA-4744-A898-8F9FE113D702}.Debug|Any CPU.ActiveCfg = Debug|Any CPU
		{CEB6AA2B-07BA-4744-A898-8F9FE113D702}.Debug|Any CPU.Build.0 = Debug|Any CPU
		{CEB6AA2B-07BA-4744-A898-8F9FE113D702}.Release|Any CPU.ActiveCfg = Release|Any CPU
		{CEB6AA2B-07BA-4744-A898-8F9FE113D702}.Release|Any CPU.Build.0 = Release|Any CPU
		{22ADF2EE-1DED-4D5A-91E5-EC5AF37484F9}.Debug|Any CPU.ActiveCfg = Debug|Any CPU
		{22ADF2EE-1DED-4D5A-91E5-EC5AF37484F9}.Debug|Any CPU.Build.0 = Debug|Any CPU
		{22ADF2EE-1DED-4D5A-91E5-EC5AF37484F9}.Release|Any CPU.ActiveCfg = Release|Any CPU
		{22ADF2EE-1DED-4D5A-91E5-EC5AF37484F9}.Release|Any CPU.Build.0 = Release|Any CPU
	EndGlobalSection
	GlobalSection(SolutionProperties) = preSolution
		HideSolutionNode = FALSE
	EndGlobalSection
	GlobalSection(ExtensibilityGlobals) = postSolution
		SolutionGuid = {7AFDAF6A-0D23-4AD6-89A7-DBD089CE0811}
	EndGlobalSection
EndGlobal
